
Microsoft Visual Studio Solution File, Format Version 12.00
Project("{FAE04EC0-301F-11D3-BF4B-00C04F79EFBC}") = "Save", "Save\Save.csproj", "{6C820578-042F-4D80-A262-7EC7166A0240}"
EndProject
Project("{2150E333-8FDC-42A3-9474-1A3956D46DE8}") = "src", "src", "{229F35D9-C53C-4CAA-ACC1-93DDFA06766E}"
EndProject
Project("{2150E333-8FDC-42A3-9474-1A3956D46DE8}") = "pipeline", "pipeline", "{3B2F9758-AD68-4C77-B1C7-7E0D0E17CB53}"
EndProject
Project("{2150E333-8FDC-42A3-9474-1A3956D46DE8}") = "test", "test", "{535ED237-8F95-4280-A301-D928355B6C40}"
EndProject
Project("{2150E333-8FDC-42A3-9474-1A3956D46DE8}") = "Core", "Core", "{9E352438-0CE4-4364-8E3B-D7A1DD577E98}"
EndProject
Project("{2150E333-8FDC-42A3-9474-1A3956D46DE8}") = "Infrastructure", "Infrastructure", "{36DA5C68-3146-47E2-BABD-B500F422766B}"
EndProject
Project("{2150E333-8FDC-42A3-9474-1A3956D46DE8}") = "Presentation", "Presentation", "{39C181F8-58C2-4A97-AF22-588BA58CF658}"
EndProject
Project("{FAE04EC0-301F-11D3-BF4B-00C04F79EFBC}") = "Save.Api", "Save.Api\Save.Api.csproj", "{82388A9D-EF0E-4789-B02C-81D25C28DAFE}"
EndProject
Project("{FAE04EC0-301F-11D3-BF4B-00C04F79EFBC}") = "Save.Infrastructure", "Save.Infrastructure\Save.Infrastructure.csproj", "{65354115-2840-4CE6-8565-5841EB24B7F7}"
EndProject
Project("{FAE04EC0-301F-11D3-BF4B-00C04F79EFBC}") = "Save.Persistence", "Save.Persistence\Save.Persistence.csproj", "{1780E453-6467-488E-949D-62A0C747E939}"
EndProject
Project("{FAE04EC0-301F-11D3-BF4B-00C04F79EFBC}") = "Save.Domain", "Save.Domain\Save.Domain.csproj", "{3D68B094-4873-4C68-A143-5D75D1A4E2FD}"
EndProject
Project("{FAE04EC0-301F-11D3-BF4B-00C04F79EFBC}") = "Save.Application", "Save.Application\Save.Application.csproj", "{A807464B-9DC3-4666-A94A-FBFDE62BC38F}"
EndProject
Global
	GlobalSection(SolutionConfigurationPlatforms) = preSolution
		Debug|Any CPU = Debug|Any CPU
		Release|Any CPU = Release|Any CPU
	EndGlobalSection
	GlobalSection(ProjectConfigurationPlatforms) = postSolution
		{6C820578-042F-4D80-A262-7EC7166A0240}.Debug|Any CPU.ActiveCfg = Debug|Any CPU
		{6C820578-042F-4D80-A262-7EC7166A0240}.Debug|Any CPU.Build.0 = Debug|Any CPU
		{6C820578-042F-4D80-A262-7EC7166A0240}.Release|Any CPU.ActiveCfg = Release|Any CPU
		{6C820578-042F-4D80-A262-7EC7166A0240}.Release|Any CPU.Build.0 = Release|Any CPU
		{82388A9D-EF0E-4789-B02C-81D25C28DAFE}.Debug|Any CPU.ActiveCfg = Debug|Any CPU
		{82388A9D-EF0E-4789-B02C-81D25C28DAFE}.Debug|Any CPU.Build.0 = Debug|Any CPU
		{82388A9D-EF0E-4789-B02C-81D25C28DAFE}.Release|Any CPU.ActiveCfg = Release|Any CPU
		{82388A9D-EF0E-4789-B02C-81D25C28DAFE}.Release|Any CPU.Build.0 = Release|Any CPU
		{65354115-2840-4CE6-8565-5841EB24B7F7}.Debug|Any CPU.ActiveCfg = Debug|Any CPU
		{65354115-2840-4CE6-8565-5841EB24B7F7}.Debug|Any CPU.Build.0 = Debug|Any CPU
		{65354115-2840-4CE6-8565-5841EB24B7F7}.Release|Any CPU.ActiveCfg = Release|Any CPU
		{65354115-2840-4CE6-8565-5841EB24B7F7}.Release|Any CPU.Build.0 = Release|Any CPU
		{1780E453-6467-488E-949D-62A0C747E939}.Debug|Any CPU.ActiveCfg = Debug|Any CPU
		{1780E453-6467-488E-949D-62A0C747E939}.Debug|Any CPU.Build.0 = Debug|Any CPU
		{1780E453-6467-488E-949D-62A0C747E939}.Release|Any CPU.ActiveCfg = Release|Any CPU
		{1780E453-6467-488E-949D-62A0C747E939}.Release|Any CPU.Build.0 = Release|Any CPU
		{3D68B094-4873-4C68-A143-5D75D1A4E2FD}.Debug|Any CPU.ActiveCfg = Debug|Any CPU
		{3D68B094-4873-4C68-A143-5D75D1A4E2FD}.Debug|Any CPU.Build.0 = Debug|Any CPU
		{3D68B094-4873-4C68-A143-5D75D1A4E2FD}.Release|Any CPU.ActiveCfg = Release|Any CPU
		{3D68B094-4873-4C68-A143-5D75D1A4E2FD}.Release|Any CPU.Build.0 = Release|Any CPU
		{A807464B-9DC3-4666-A94A-FBFDE62BC38F}.Debug|Any CPU.ActiveCfg = Debug|Any CPU
		{A807464B-9DC3-4666-A94A-FBFDE62BC38F}.Debug|Any CPU.Build.0 = Debug|Any CPU
		{A807464B-9DC3-4666-A94A-FBFDE62BC38F}.Release|Any CPU.ActiveCfg = Release|Any CPU
		{A807464B-9DC3-4666-A94A-FBFDE62BC38F}.Release|Any CPU.Build.0 = Release|Any CPU
	EndGlobalSection
	GlobalSection(NestedProjects) = preSolution
		{9E352438-0CE4-4364-8E3B-D7A1DD577E98} = {229F35D9-C53C-4CAA-ACC1-93DDFA06766E}
		{36DA5C68-3146-47E2-BABD-B500F422766B} = {229F35D9-C53C-4CAA-ACC1-93DDFA06766E}
		{39C181F8-58C2-4A97-AF22-588BA58CF658} = {229F35D9-C53C-4CAA-ACC1-93DDFA06766E}
		{82388A9D-EF0E-4789-B02C-81D25C28DAFE} = {39C181F8-58C2-4A97-AF22-588BA58CF658}
		{65354115-2840-4CE6-8565-5841EB24B7F7} = {36DA5C68-3146-47E2-BABD-B500F422766B}
		{1780E453-6467-488E-949D-62A0C747E939} = {36DA5C68-3146-47E2-BABD-B500F422766B}
		{3D68B094-4873-4C68-A143-5D75D1A4E2FD} = {9E352438-0CE4-4364-8E3B-D7A1DD577E98}
		{A807464B-9DC3-4666-A94A-FBFDE62BC38F} = {9E352438-0CE4-4364-8E3B-D7A1DD577E98}
	EndGlobalSection
EndGlobal
